// !$*UTF8*$!
{
	archiveVersion = 1;
	classes = {
	};
	objectVersion = 77;
	objects = {

/* Begin PBXBuildFile section */
		613CFC962DCBDDB70010430C /* FirebaseAuth in Frameworks */ = {isa = PBXBuildFile; productRef = 613CFC952DCBDDB70010430C /* FirebaseAuth */; };
		613CFC982DCBDDB70010430C /* FirebaseCore in Frameworks */ = {isa = PBXBuildFile; productRef = 613CFC972DCBDDB70010430C /* FirebaseCore */; };
		613CFC9A2DCBDDB70010430C /* FirebaseFirestore in Frameworks */ = {isa = PBXBuildFile; productRef = 613CFC992DCBDDB70010430C /* FirebaseFirestore */; };
/* End PBXBuildFile section */

/* Begin PBXContainerItemProxy section */
		613CFC5C2DCBB02F0010430C /* PBXContainerItemProxy */ = {
			isa = PBXContainerItemProxy;
			containerPortal = 613CFC462DCBB02C0010430C /* Project object */;
			proxyType = 1;
			remoteGlobalIDString = 613CFC4D2DCBB02C0010430C;
			remoteInfo = MoodForest;
		};
		613CFC662DCBB02F0010430C /* PBXContainerItemProxy */ = {
			isa = PBXContainerItemProxy;
			containerPortal = 613CFC462DCBB02C0010430C /* Project object */;
			proxyType = 1;
			remoteGlobalIDString = 613CFC4D2DCBB02C0010430C;
			remoteInfo = MoodForest;
		};
/* End PBXContainerItemProxy section */

/* Begin PBXFileReference section */
		613CFC4E2DCBB02C0010430C /* MoodForest.app */ = {isa = PBXFileReference; explicitFileType = wrapper.application; includeInIndex = 0; path = MoodForest.app; sourceTree = BUILT_PRODUCTS_DIR; };
		613CFC5B2DCBB02F0010430C /* MoodForestTests.xctest */ = {isa = PBXFileReference; explicitFileType = wrapper.cfbundle; includeInIndex = 0; path = MoodForestTests.xctest; sourceTree = BUILT_PRODUCTS_DIR; };
		613CFC652DCBB02F0010430C /* MoodForestUITests.xctest */ = {isa = PBXFileReference; explicitFileType = wrapper.cfbundle; includeInIndex = 0; path = MoodForestUITests.xctest; sourceTree = BUILT_PRODUCTS_DIR; };
/* End PBXFileReference section */

/* Begin PBXFileSystemSynchronizedRootGroup section */
		613CFC502DCBB02C0010430C /* MoodForest */ = {
			isa = PBXFileSystemSynchronizedRootGroup;
			path = MoodForest;
			sourceTree = "<group>";
		};
		613CFC5E2DCBB02F0010430C /* MoodForestTests */ = {
			isa = PBXFileSystemSynchronizedRootGroup;
			path = MoodForestTests;
			sourceTree = "<group>";
		};
		613CFC682DCBB02F0010430C /* MoodForestUITests */ = {
			isa = PBXFileSystemSynchronizedRootGroup;
			path = MoodForestUITests;
			sourceTree = "<group>";
		};
/* End PBXFileSystemSynchronizedRootGroup section */

/* Begin PBXFrameworksBuildPhase section */
		613CFC4B2DCBB02C0010430C /* Frameworks */ = {
			isa = PBXFrameworksBuildPhase;
			buildActionMask = 2147483647;
			files = (
				613CFC982DCBDDB70010430C /* FirebaseCore in Frameworks */,
				613CFC962DCBDDB70010430C /* FirebaseAuth in Frameworks */,
				613CFC9A2DCBDDB70010430C /* FirebaseFirestore in Frameworks */,
			);
			runOnlyForDeploymentPostprocessing = 0;
		};
		613CFC582DCBB02F0010430C /* Frameworks */ = {
			isa = PBXFrameworksBuildPhase;
			buildActionMask = 2147483647;
			files = (
			);
			runOnlyForDeploymentPostprocessing = 0;
		};
		613CFC622DCBB02F0010430C /* Frameworks */ = {
			isa = PBXFrameworksBuildPhase;
			buildActionMask = 2147483647;
			files = (
			);
			runOnlyForDeploymentPostprocessing = 0;
		};
/* End PBXFrameworksBuildPhase section */

/* Begin PBXGroup section */
		613CFC452DCBB02C0010430C = {
			isa = PBXGroup;
			children = (
				613CFC502DCBB02C0010430C /* MoodForest */,
				613CFC5E2DCBB02F0010430C /* MoodForestTests */,
				613CFC682DCBB02F0010430C /* MoodForestUITests */,
				613CFC4F2DCBB02C0010430C /* Products */,
			);
			sourceTree = "<group>";
		};
		613CFC4F2DCBB02C0010430C /* Products */ = {
			isa = PBXGroup;
			children = (
				613CFC4E2DCBB02C0010430C /* MoodForest.app */,
				613CFC5B2DCBB02F0010430C /* MoodForestTests.xctest */,
				613CFC652DCBB02F0010430C /* MoodForestUITests.xctest */,
			);
			name = Products;
			sourceTree = "<group>";
		};
/* End PBXGroup section */

/* Begin PBXNativeTarget section */
		613CFC4D2DCBB02C0010430C /* MoodForest */ = {
			isa = PBXNativeTarget;
			buildConfigurationList = 613CFC6F2DCBB02F0010430C /* Build configuration list for PBXNativeTarget "MoodForest" */;
			buildPhases = (
				613CFC4A2DCBB02C0010430C /* Sources */,
				613CFC4B2DCBB02C0010430C /* Frameworks */,
				613CFC4C2DCBB02C0010430C /* Resources */,
			);
			buildRules = (
			);
			dependencies = (
			);
			fileSystemSynchronizedGroups = (
				613CFC502DCBB02C0010430C /* MoodForest */,
			);
			name = MoodForest;
			packageProductDependencies = (
				613CFC952DCBDDB70010430C /* FirebaseAuth */,
				613CFC972DCBDDB70010430C /* FirebaseCore */,
				613CFC992DCBDDB70010430C /* FirebaseFirestore */,
			);
			productName = MoodForest;
			productReference = 613CFC4E2DCBB02C0010430C /* MoodForest.app */;
			productType = "com.apple.product-type.application";
		};
		613CFC5A2DCBB02F0010430C /* MoodForestTests */ = {
			isa = PBXNativeTarget;
			buildConfigurationList = 613CFC722DCBB02F0010430C /* Build configuration list for PBXNativeTarget "MoodForestTests" */;
			buildPhases = (
				613CFC572DCBB02F0010430C /* Sources */,
				613CFC582DCBB02F0010430C /* Frameworks */,
				613CFC592DCBB02F0010430C /* Resources */,
			);
			buildRules = (
			);
			dependencies = (
				613CFC5D2DCBB02F0010430C /* PBXTargetDependency */,
			);
			fileSystemSynchronizedGroups = (
				613CFC5E2DCBB02F0010430C /* MoodForestTests */,
			);
			name = MoodForestTests;
			packageProductDependencies = (
			);
			productName = MoodForestTests;
			productReference = 613CFC5B2DCBB02F0010430C /* MoodForestTests.xctest */;
			productType = "com.apple.product-type.bundle.unit-test";
		};
		613CFC642DCBB02F0010430C /* MoodForestUITests */ = {
			isa = PBXNativeTarget;
			buildConfigurationList = 613CFC752DCBB02F0010430C /* Build configuration list for PBXNativeTarget "MoodForestUITests" */;
			buildPhases = (
				613CFC612DCBB02F0010430C /* Sources */,
				613CFC622DCBB02F0010430C /* Frameworks */,
				613CFC632DCBB02F0010430C /* Resources */,
			);
			buildRules = (
			);
			dependencies = (
				613CFC672DCBB02F0010430C /* PBXTargetDependency */,
			);
			fileSystemSynchronizedGroups = (
				613CFC682DCBB02F0010430C /* MoodForestUITests */,
			);
			name = MoodForestUITests;
			packageProductDependencies = (
			);
			productName = MoodForestUITests;
			productReference = 613CFC652DCBB02F0010430C /* MoodForestUITests.xctest */;
			productType = "com.apple.product-type.bundle.ui-testing";
		};
/* End PBXNativeTarget section */

/* Begin PBXProject section */
		613CFC462DCBB02C0010430C /* Project object */ = {
			isa = PBXProject;
			attributes = {
				BuildIndependentTargetsInParallel = 1;
				LastSwiftUpdateCheck = 1630;
				LastUpgradeCheck = 1630;
				TargetAttributes = {
					613CFC4D2DCBB02C0010430C = {
						CreatedOnToolsVersion = 16.3;
					};
					613CFC5A2DCBB02F0010430C = {
						CreatedOnToolsVersion = 16.3;
						TestTargetID = 613CFC4D2DCBB02C0010430C;
					};
					613CFC642DCBB02F0010430C = {
						CreatedOnToolsVersion = 16.3;
						TestTargetID = 613CFC4D2DCBB02C0010430C;
					};
				};
			};
			buildConfigurationList = 613CFC492DCBB02C0010430C /* Build configuration list for PBXProject "MoodForest" */;
			developmentRegion = en;
			hasScannedForEncodings = 0;
			knownRegions = (
				en,
				Base,
			);
			mainGroup = 613CFC452DCBB02C0010430C;
			minimizedProjectReferenceProxies = 1;
			packageReferences = (
				613CFC942DCBDDB70010430C /* XCRemoteSwiftPackageReference "firebase-ios-sdk" */,
			);
			preferredProjectObjectVersion = 77;
			productRefGroup = 613CFC4F2DCBB02C0010430C /* Products */;
			projectDirPath = "";
			projectRoot = "";
			targets = (
				613CFC4D2DCBB02C0010430C /* MoodForest */,
				613CFC5A2DCBB02F0010430C /* MoodForestTests */,
				613CFC642DCBB02F0010430C /* MoodForestUITests */,
			);
		};
/* End PBXProject section */

/* Begin PBXResourcesBuildPhase section */
		613CFC4C2DCBB02C0010430C /* Resources */ = {
			isa = PBXResourcesBuildPhase;
			buildActionMask = 2147483647;
			files = (
			);
			runOnlyForDeploymentPostprocessing = 0;
		};
		613CFC592DCBB02F0010430C /* Resources */ = {
			isa = PBXResourcesBuildPhase;
			buildActionMask = 2147483647;
			files = (
			);
			runOnlyForDeploymentPostprocessing = 0;
		};
		613CFC632DCBB02F0010430C /* Resources */ = {
			isa = PBXResourcesBuildPhase;
			buildActionMask = 2147483647;
			files = (
			);
			runOnlyForDeploymentPostprocessing = 0;
		};
/* End PBXResourcesBuildPhase section */

/* Begin PBXSourcesBuildPhase section */
		613CFC4A2DCBB02C0010430C /* Sources */ = {
			isa = PBXSourcesBuildPhase;
			buildActionMask = 2147483647;
			files = (
			);
			runOnlyForDeploymentPostprocessing = 0;
		};
		613CFC572DCBB02F0010430C /* Sources */ = {
			isa = PBXSourcesBuildPhase;
			buildActionMask = 2147483647;
			files = (
			);
			runOnlyForDeploymentPostprocessing = 0;
		};
		613CFC612DCBB02F0010430C /* Sources */ = {
			isa = PBXSourcesBuildPhase;
			buildActionMask = 2147483647;
			files = (
			);
			runOnlyForDeploymentPostprocessing = 0;
		};
/* End PBXSourcesBuildPhase section */

/* Begin PBXTargetDependency section */
		613CFC5D2DCBB02F0010430C /* PBXTargetDependency */ = {
			isa = PBXTargetDependency;
			target = 613CFC4D2DCBB02C0010430C /* MoodForest */;
			targetProxy = 613CFC5C2DCBB02F0010430C /* PBXContainerItemProxy */;
		};
		613CFC672DCBB02F0010430C /* PBXTargetDependency */ = {
			isa = PBXTargetDependency;
			target = 613CFC4D2DCBB02C0010430C /* MoodForest */;
			targetProxy = 613CFC662DCBB02F0010430C /* PBXContainerItemProxy */;
		};
/* End PBXTargetDependency section */

/* Begin XCBuildConfiguration section */
		613CFC6D2DCBB02F0010430C /* Debug */ = {
			isa = XCBuildConfiguration;
			buildSettings = {
				ALWAYS_SEARCH_USER_PATHS = NO;
				ASSETCATALOG_COMPILER_GENERATE_SWIFT_ASSET_SYMBOL_EXTENSIONS = YES;
				CLANG_ANALYZER_NONNULL = YES;
				CLANG_ANALYZER_NUMBER_OBJECT_CONVERSION = YES_AGGRESSIVE;
				CLANG_CXX_LANGUAGE_STANDARD = "gnu++20";
				CLANG_ENABLE_MODULES = YES;
				CLANG_ENABLE_OBJC_ARC = YES;
				CLANG_ENABLE_OBJC_WEAK = YES;
				CLANG_WARN_BLOCK_CAPTURE_AUTORELEASING = YES;
				CLANG_WARN_BOOL_CONVERSION = YES;
				CLANG_WARN_COMMA = YES;
				CLANG_WARN_CONSTANT_CONVERSION = YES;
				CLANG_WARN_DEPRECATED_OBJC_IMPLEMENTATIONS = YES;
				CLANG_WARN_DIRECT_OBJC_ISA_USAGE = YES_ERROR;
				CLANG_WARN_DOCUMENTATION_COMMENTS = YES;
				CLANG_WARN_EMPTY_BODY = YES;
				CLANG_WARN_ENUM_CONVERSION = YES;
				CLANG_WARN_INFINITE_RECURSION = YES;
				CLANG_WARN_INT_CONVERSION = YES;
				CLANG_WARN_NON_LITERAL_NULL_CONVERSION = YES;
				CLANG_WARN_OBJC_IMPLICIT_RETAIN_SELF = YES;
				CLANG_WARN_OBJC_LITERAL_CONVERSION = YES;
				CLANG_WARN_OBJC_ROOT_CLASS = YES_ERROR;
				CLANG_WARN_QUOTED_INCLUDE_IN_FRAMEWORK_HEADER = YES;
				CLANG_WARN_RANGE_LOOP_ANALYSIS = YES;
				CLANG_WARN_STRICT_PROTOTYPES = YES;
				CLANG_WARN_SUSPICIOUS_MOVE = YES;
				CLANG_WARN_UNGUARDED_AVAILABILITY = YES_AGGRESSIVE;
				CLANG_WARN_UNREACHABLE_CODE = YES;
				CLANG_WARN__DUPLICATE_METHOD_MATCH = YES;
				COPY_PHASE_STRIP = NO;
				DEBUG_INFORMATION_FORMAT = dwarf;
				ENABLE_STRICT_OBJC_MSGSEND = YES;
				ENABLE_TESTABILITY = YES;
				ENABLE_USER_SCRIPT_SANDBOXING = YES;
				GCC_C_LANGUAGE_STANDARD = gnu17;
				GCC_DYNAMIC_NO_PIC = NO;
				GCC_NO_COMMON_BLOCKS = YES;
				GCC_OPTIMIZATION_LEVEL = 0;
				GCC_PREPROCESSOR_DEFINITIONS = (
					"DEBUG=1",
					"$(inherited)",
				);
				GCC_WARN_64_TO_32_BIT_CONVERSION = YES;
				GCC_WARN_ABOUT_RETURN_TYPE = YES_ERROR;
				GCC_WARN_UNDECLARED_SELECTOR = YES;
				GCC_WARN_UNINITIALIZED_AUTOS = YES_AGGRESSIVE;
				GCC_WARN_UNUSED_FUNCTION = YES;
				GCC_WARN_UNUSED_VARIABLE = YES;
				IPHONEOS_DEPLOYMENT_TARGET = 18.4;
				LOCALIZATION_PREFERS_STRING_CATALOGS = YES;
				MTL_ENABLE_DEBUG_INFO = INCLUDE_SOURCE;
				MTL_FAST_MATH = YES;
				ONLY_ACTIVE_ARCH = YES;
				SDKROOT = iphoneos;
				SWIFT_ACTIVE_COMPILATION_CONDITIONS = "DEBUG $(inherited)";
				SWIFT_OPTIMIZATION_LEVEL = "-Onone";
			};
			name = Debug;
		};
		613CFC6E2DCBB02F0010430C /* Release */ = {
			isa = XCBuildConfiguration;
			buildSettings = {
				ALWAYS_SEARCH_USER_PATHS = NO;
				ASSETCATALOG_COMPILER_GENERATE_SWIFT_ASSET_SYMBOL_EXTENSIONS = YES;
				CLANG_ANALYZER_NONNULL = YES;
				CLANG_ANALYZER_NUMBER_OBJECT_CONVERSION = YES_AGGRESSIVE;
				CLANG_CXX_LANGUAGE_STANDARD = "gnu++20";
				CLANG_ENABLE_MODULES = YES;
				CLANG_ENABLE_OBJC_ARC = YES;
				CLANG_ENABLE_OBJC_WEAK = YES;
				CLANG_WARN_BLOCK_CAPTURE_AUTORELEASING = YES;
				CLANG_WARN_BOOL_CONVERSION = YES;
				CLANG_WARN_COMMA = YES;
				CLANG_WARN_CONSTANT_CONVERSION = YES;
				CLANG_WARN_DEPRECATED_OBJC_IMPLEMENTATIONS = YES;
				CLANG_WARN_DIRECT_OBJC_ISA_USAGE = YES_ERROR;
				CLANG_WARN_DOCUMENTATION_COMMENTS = YES;
				CLANG_WARN_EMPTY_BODY = YES;
				CLANG_WARN_ENUM_CONVERSION = YES;
				CLANG_WARN_INFINITE_RECURSION = YES;
				CLANG_WARN_INT_CONVERSION = YES;
				CLANG_WARN_NON_LITERAL_NULL_CONVERSION = YES;
				CLANG_WARN_OBJC_IMPLICIT_RETAIN_SELF = YES;
				CLANG_WARN_OBJC_LITERAL_CONVERSION = YES;
				CLANG_WARN_OBJC_ROOT_CLASS = YES_ERROR;
				CLANG_WARN_QUOTED_INCLUDE_IN_FRAMEWORK_HEADER = YES;
				CLANG_WARN_RANGE_LOOP_ANALYSIS = YES;
				CLANG_WARN_STRICT_PROTOTYPES = YES;
				CLANG_WARN_SUSPICIOUS_MOVE = YES;
				CLANG_WARN_UNGUARDED_AVAILABILITY = YES_AGGRESSIVE;
				CLANG_WARN_UNREACHABLE_CODE = YES;
				CLANG_WARN__DUPLICATE_METHOD_MATCH = YES;
				COPY_PHASE_STRIP = NO;
				DEBUG_INFORMATION_FORMAT = "dwarf-with-dsym";
				ENABLE_NS_ASSERTIONS = NO;
				ENABLE_STRICT_OBJC_MSGSEND = YES;
				ENABLE_USER_SCRIPT_SANDBOXING = YES;
				GCC_C_LANGUAGE_STANDARD = gnu17;
				GCC_NO_COMMON_BLOCKS = YES;
				GCC_WARN_64_TO_32_BIT_CONVERSION = YES;
				GCC_WARN_ABOUT_RETURN_TYPE = YES_ERROR;
				GCC_WARN_UNDECLARED_SELECTOR = YES;
				GCC_WARN_UNINITIALIZED_AUTOS = YES_AGGRESSIVE;
				GCC_WARN_UNUSED_FUNCTION = YES;
				GCC_WARN_UNUSED_VARIABLE = YES;
				IPHONEOS_DEPLOYMENT_TARGET = 18.4;
				LOCALIZATION_PREFERS_STRING_CATALOGS = YES;
				MTL_ENABLE_DEBUG_INFO = NO;
				MTL_FAST_MATH = YES;
				SDKROOT = iphoneos;
				SWIFT_COMPILATION_MODE = wholemodule;
				VALIDATE_PRODUCT = YES;
			};
			name = Release;
		};
		613CFC702DCBB02F0010430C /* Debug */ = {
			isa = XCBuildConfiguration;
			buildSettings = {
				ASSETCATALOG_COMPILER_APPICON_NAME = AppIcon;
				ASSETCATALOG_COMPILER_GLOBAL_ACCENT_COLOR_NAME = AccentColor;
				CODE_SIGN_STYLE = Automatic;
				CURRENT_PROJECT_VERSION = 1;
				ENABLE_PREVIEWS = YES;
				GENERATE_INFOPLIST_FILE = YES;
				INFOPLIST_KEY_UIApplicationSceneManifest_Generation = YES;
				INFOPLIST_KEY_UIApplicationSupportsIndirectInputEvents = YES;
				INFOPLIST_KEY_UILaunchScreen_Generation = YES;
				INFOPLIST_KEY_UISupportedInterfaceOrientations_iPad = "UIInterfaceOrientationPortrait UIInterfaceOrientationPortraitUpsideDown UIInterfaceOrientationLandscapeLeft UIInterfaceOrientationLandscapeRight";
				INFOPLIST_KEY_UISupportedInterfaceOrientations_iPhone = "UIInterfaceOrientationPortrait UIInterfaceOrientationLandscapeLeft UIInterfaceOrientationLandscapeRight";
				LD_RUNPATH_SEARCH_PATHS = (
					"$(inherited)",
					"@executable_path/Frameworks",
				);
				MARKETING_VERSION = 1.0;
				PRODUCT_BUNDLE_IDENTIFIER = com.mariia.MoodForest;
				PRODUCT_NAME = "$(TARGET_NAME)";
				SWIFT_EMIT_LOC_STRINGS = YES;
				SWIFT_VERSION = 5.0;
				TARGETED_DEVICE_FAMILY = "1,2";
			};
			name = Debug;
		};
		613CFC712DCBB02F0010430C /* Release */ = {
			isa = XCBuildConfiguration;
			buildSettings = {
				ASSETCATALOG_COMPILER_APPICON_NAME = AppIcon;
				ASSETCATALOG_COMPILER_GLOBAL_ACCENT_COLOR_NAME = AccentColor;
				CODE_SIGN_STYLE = Automatic;
				CURRENT_PROJECT_VERSION = 1;
				ENABLE_PREVIEWS = YES;
				GENERATE_INFOPLIST_FILE = YES;
				INFOPLIST_KEY_UIApplicationSceneManifest_Generation = YES;
				INFOPLIST_KEY_UIApplicationSupportsIndirectInputEvents = YES;
				INFOPLIST_KEY_UILaunchScreen_Generation = YES;
				INFOPLIST_KEY_UISupportedInterfaceOrientations_iPad = "UIInterfaceOrientationPortrait UIInterfaceOrientationPortraitUpsideDown UIInterfaceOrientationLandscapeLeft UIInterfaceOrientationLandscapeRight";
				INFOPLIST_KEY_UISupportedInterfaceOrientations_iPhone = "UIInterfaceOrientationPortrait UIInterfaceOrientationLandscapeLeft UIInterfaceOrientationLandscapeRight";
				LD_RUNPATH_SEARCH_PATHS = (
					"$(inherited)",
					"@executable_path/Frameworks",
				);
				MARKETING_VERSION = 1.0;
				PRODUCT_BUNDLE_IDENTIFIER = com.mariia.MoodForest;
				PRODUCT_NAME = "$(TARGET_NAME)";
				SWIFT_EMIT_LOC_STRINGS = YES;
				SWIFT_VERSION = 5.0;
				TARGETED_DEVICE_FAMILY = "1,2";
			};
			name = Release;
		};
		613CFC732DCBB02F0010430C /* Debug */ = {
			isa = XCBuildConfiguration;
			buildSettings = {
				BUNDLE_LOADER = "$(TEST_HOST)";
				CODE_SIGN_STYLE = Automatic;
				CURRENT_PROJECT_VERSION = 1;
				GENERATE_INFOPLIST_FILE = YES;
				IPHONEOS_DEPLOYMENT_TARGET = 18.4;
				MARKETING_VERSION = 1.0;
				PRODUCT_BUNDLE_IDENTIFIER = com.mariia.MoodForestTests;
				PRODUCT_NAME = "$(TARGET_NAME)";
				SWIFT_EMIT_LOC_STRINGS = NO;
				SWIFT_VERSION = 5.0;
				TARGETED_DEVICE_FAMILY = "1,2";
				TEST_HOST = "$(BUILT_PRODUCTS_DIR)/MoodForest.app/$(BUNDLE_EXECUTABLE_FOLDER_PATH)/MoodForest";
			};
			name = Debug;
		};
		613CFC742DCBB02F0010430C /* Release */ = {
			isa = XCBuildConfiguration;
			buildSettings = {
				BUNDLE_LOADER = "$(TEST_HOST)";
				CODE_SIGN_STYLE = Automatic;
				CURRENT_PROJECT_VERSION = 1;
				GENERATE_INFOPLIST_FILE = YES;
				IPHONEOS_DEPLOYMENT_TARGET = 18.4;
				MARKETING_VERSION = 1.0;
				PRODUCT_BUNDLE_IDENTIFIER = com.mariia.MoodForestTests;
				PRODUCT_NAME = "$(TARGET_NAME)";
				SWIFT_EMIT_LOC_STRINGS = NO;
				SWIFT_VERSION = 5.0;
				TARGETED_DEVICE_FAMILY = "1,2";
				TEST_HOST = "$(BUILT_PRODUCTS_DIR)/MoodForest.app/$(BUNDLE_EXECUTABLE_FOLDER_PATH)/MoodForest";
			};
			name = Release;
		};
		613CFC762DCBB02F0010430C /* Debug */ = {
			isa = XCBuildConfiguration;
			buildSettings = {
				CODE_SIGN_STYLE = Automatic;
				CURRENT_PROJECT_VERSION = 1;
				GENERATE_INFOPLIST_FILE = YES;
				MARKETING_VERSION = 1.0;
				PRODUCT_BUNDLE_IDENTIFIER = com.mariia.MoodForestUITests;
				PRODUCT_NAME = "$(TARGET_NAME)";
				SWIFT_EMIT_LOC_STRINGS = NO;
				SWIFT_VERSION = 5.0;
				TARGETED_DEVICE_FAMILY = "1,2";
				TEST_TARGET_NAME = MoodForest;
			};
			name = Debug;
		};
		613CFC772DCBB02F0010430C /* Release */ = {
			isa = XCBuildConfiguration;
			buildSettings = {
				CODE_SIGN_STYLE = Automatic;
				CURRENT_PROJECT_VERSION = 1;
				GENERATE_INFOPLIST_FILE = YES;
				MARKETING_VERSION = 1.0;
				PRODUCT_BUNDLE_IDENTIFIER = com.mariia.MoodForestUITests;
				PRODUCT_NAME = "$(TARGET_NAME)";
				SWIFT_EMIT_LOC_STRINGS = NO;
				SWIFT_VERSION = 5.0;
				TARGETED_DEVICE_FAMILY = "1,2";
				TEST_TARGET_NAME = MoodForest;
			};
			name = Release;
		};
/* End XCBuildConfiguration section */

/* Begin XCConfigurationList section */
		613CFC492DCBB02C0010430C /* Build configuration list for PBXProject "MoodForest" */ = {
			isa = XCConfigurationList;
			buildConfigurations = (
				613CFC6D2DCBB02F0010430C /* Debug */,
				613CFC6E2DCBB02F0010430C /* Release */,
			);
			defaultConfigurationIsVisible = 0;
			defaultConfigurationName = Release;
		};
		613CFC6F2DCBB02F0010430C /* Build configuration list for PBXNativeTarget "MoodForest" */ = {
			isa = XCConfigurationList;
			buildConfigurations = (
				613CFC702DCBB02F0010430C /* Debug */,
				613CFC712DCBB02F0010430C /* Release */,
			);
			defaultConfigurationIsVisible = 0;
			defaultConfigurationName = Release;
		};
		613CFC722DCBB02F0010430C /* Build configuration list for PBXNativeTarget "MoodForestTests" */ = {
			isa = XCConfigurationList;
			buildConfigurations = (
				613CFC732DCBB02F0010430C /* Debug */,
				613CFC742DCBB02F0010430C /* Release */,
			);
			defaultConfigurationIsVisible = 0;
			defaultConfigurationName = Release;
		};
		613CFC752DCBB02F0010430C /* Build configuration list for PBXNativeTarget "MoodForestUITests" */ = {
			isa = XCConfigurationList;
			buildConfigurations = (
				613CFC762DCBB02F0010430C /* Debug */,
				613CFC772DCBB02F0010430C /* Release */,
			);
			defaultConfigurationIsVisible = 0;
			defaultConfigurationName = Release;
		};
/* End XCConfigurationList section */

/* Begin XCRemoteSwiftPackageReference section */
		613CFC942DCBDDB70010430C /* XCRemoteSwiftPackageReference "firebase-ios-sdk" */ = {
			isa = XCRemoteSwiftPackageReference;
			repositoryURL = "https://github.com/firebase/firebase-ios-sdk";
			requirement = {
				kind = upToNextMajorVersion;
				minimumVersion = 11.12.0;
			};
		};
/* End XCRemoteSwiftPackageReference section */

/* Begin XCSwiftPackageProductDependency section */
		613CFC952DCBDDB70010430C /* FirebaseAuth */ = {
			isa = XCSwiftPackageProductDependency;
			package = 613CFC942DCBDDB70010430C /* XCRemoteSwiftPackageReference "firebase-ios-sdk" */;
			productName = FirebaseAuth;
		};
		613CFC972DCBDDB70010430C /* FirebaseCore */ = {
			isa = XCSwiftPackageProductDependency;
			package = 613CFC942DCBDDB70010430C /* XCRemoteSwiftPackageReference "firebase-ios-sdk" */;
			productName = FirebaseCore;
		};
		613CFC992DCBDDB70010430C /* FirebaseFirestore */ = {
			isa = XCSwiftPackageProductDependency;
			package = 613CFC942DCBDDB70010430C /* XCRemoteSwiftPackageReference "firebase-ios-sdk" */;
			productName = FirebaseFirestore;
		};
/* End XCSwiftPackageProductDependency section */
	};
	rootObject = 613CFC462DCBB02C0010430C /* Project object */;
}
